
Microsoft Visual Studio Solution File, Format Version 12.00
# Visual Studio Version 17
VisualStudioVersion = 17.4.33122.133
MinimumVisualStudioVersion = 10.0.40219.1
Project("{8BC9CEB8-8B4A-11D0-8D11-00A0C91BC942}") = "Roster_WGU", "Roster_WGU\Roster_WGU.vcxproj", "{EDC5D092-5D26-4E3A-A1CA-EEE9EC897F36}"
EndProject
Global
	GlobalSection(SolutionConfigurationPlatforms) = preSolution
		Debug|x64 = Debug|x64
		Debug|x86 = Debug|x86
		Release|x64 = Release|x64
		Release|x86 = Release|x86
	EndGlobalSection
	GlobalSection(ProjectConfigurationPlatforms) = postSolution
		{EDC5D092-5D26-4E3A-A1CA-EEE9EC897F36}.Debug|x64.ActiveCfg = Debug|x64
		{EDC5D092-5D26-4E3A-A1CA-EEE9EC897F36}.Debug|x64.Build.0 = Debug|x64
		{EDC5D092-5D26-4E3A-A1CA-EEE9EC897F36}.Debug|x86.ActiveCfg = Debug|Win32
		{EDC5D092-5D26-4E3A-A1CA-EEE9EC897F36}.Debug|x86.Build.0 = Debug|Win32
		{EDC5D092-5D26-4E3A-A1CA-EEE9EC897F36}.Release|x64.ActiveCfg = Release|x64
		{EDC5D092-5D26-4E3A-A1CA-EEE9EC897F36}.Release|x64.Build.0 = Release|x64
		{EDC5D092-5D26-4E3A-A1CA-EEE9EC897F36}.Release|x86.ActiveCfg = Release|Win32
		{EDC5D092-5D26-4E3A-A1CA-EEE9EC897F36}.Release|x86.Build.0 = Release|Win32
	EndGlobalSection
	GlobalSection(SolutionProperties) = preSolution
		HideSolutionNode = FALSE
	EndGlobalSection
	GlobalSection(ExtensibilityGlobals) = postSolution
		SolutionGuid = {EE0F8347-1D76-4C4B-8760-333092D1A374}
	EndGlobalSection
EndGlobal
